
Microsoft Visual Studio Solution File, Format Version 12.00
# Visual Studio Version 16
VisualStudioVersion = 16.0.32407.337
MinimumVisualStudioVersion = 10.0.40219.1
Project("{FAE04EC0-301F-11D3-BF4B-00C04F79EFBC}") = "EM_WebApplication_RUAP_LV2", "EM_WebApplication_RUAP-LV2\EM_WebApplication_RUAP_LV2.csproj", "{506A0AFB-D01C-4A39-A515-B02B80A1906B}"
EndProject
Global
	GlobalSection(SolutionConfigurationPlatforms) = preSolution
		Debug|Any CPU = Debug|Any CPU
		Release|Any CPU = Release|Any CPU
	EndGlobalSection
	GlobalSection(ProjectConfigurationPlatforms) = postSolution
		{506A0AFB-D01C-4A39-A515-B02B80A1906B}.Debug|Any CPU.ActiveCfg = Debug|Any CPU
		{506A0AFB-D01C-4A39-A515-B02B80A1906B}.Debug|Any CPU.Build.0 = Debug|Any CPU
		{506A0AFB-D01C-4A39-A515-B02B80A1906B}.Release|Any CPU.ActiveCfg = Release|Any CPU
		{506A0AFB-D01C-4A39-A515-B02B80A1906B}.Release|Any CPU.Build.0 = Release|Any CPU
	EndGlobalSection
	GlobalSection(SolutionProperties) = preSolution
		HideSolutionNode = FALSE
	EndGlobalSection
	GlobalSection(ExtensibilityGlobals) = postSolution
		SolutionGuid = {1C25BAC5-9EF3-4EFC-97C9-AF70AC095A58}
	EndGlobalSection
EndGlobal
